
Microsoft Visual Studio Solution File, Format Version 12.00
# Visual Studio 15
Project("{FAE04EC0-301F-11D3-BF4B-00C04F79EFBC}") = "Assembly-CSharp", "Assembly-CSharp.csproj", "{B074D1BF-010B-74B1-B9D4-7E69B1A9A809}"
EndProject
Project("{FAE04EC0-301F-11D3-BF4B-00C04F79EFBC}") = "Assembly-CSharp-Editor", "Assembly-CSharp-Editor.csproj", "{C1D059EC-56E6-576A-849A-FDBDBC01C696}"
EndProject
Project("{FAE04EC0-301F-11D3-BF4B-00C04F79EFBC}") = "EditorMigrationScripts", "EditorMigrationScripts.csproj", "{196F1504-BCFE-5C30-BA05-B7CABAF6321A}"
EndProject
Global
	GlobalSection(SolutionConfigurationPlatforms) = preSolution
		Debug|Any CPU = Debug|Any CPU
		Release|Any CPU = Release|Any CPU
	EndGlobalSection
	GlobalSection(ProjectConfigurationPlatforms) = postSolution
		{B074D1BF-010B-74B1-B9D4-7E69B1A9A809}.Debug|Any CPU.ActiveCfg = Debug|Any CPU
		{B074D1BF-010B-74B1-B9D4-7E69B1A9A809}.Debug|Any CPU.Build.0 = Debug|Any CPU
		{B074D1BF-010B-74B1-B9D4-7E69B1A9A809}.Release|Any CPU.ActiveCfg = Release|Any CPU
		{B074D1BF-010B-74B1-B9D4-7E69B1A9A809}.Release|Any CPU.Build.0 = Release|Any CPU
		{C1D059EC-56E6-576A-849A-FDBDBC01C696}.Debug|Any CPU.ActiveCfg = Debug|Any CPU
		{C1D059EC-56E6-576A-849A-FDBDBC01C696}.Debug|Any CPU.Build.0 = Debug|Any CPU
		{C1D059EC-56E6-576A-849A-FDBDBC01C696}.Release|Any CPU.ActiveCfg = Release|Any CPU
		{C1D059EC-56E6-576A-849A-FDBDBC01C696}.Release|Any CPU.Build.0 = Release|Any CPU
		{196F1504-BCFE-5C30-BA05-B7CABAF6321A}.Debug|Any CPU.ActiveCfg = Debug|Any CPU
		{196F1504-BCFE-5C30-BA05-B7CABAF6321A}.Debug|Any CPU.Build.0 = Debug|Any CPU
		{196F1504-BCFE-5C30-BA05-B7CABAF6321A}.Release|Any CPU.ActiveCfg = Release|Any CPU
		{196F1504-BCFE-5C30-BA05-B7CABAF6321A}.Release|Any CPU.Build.0 = Release|Any CPU
	EndGlobalSection
	GlobalSection(SolutionProperties) = preSolution
		HideSolutionNode = FALSE
	EndGlobalSection
EndGlobal
